
Microsoft Visual Studio Solution File, Format Version 12.00
# Visual Studio Version 17
VisualStudioVersion = 17.8.34511.84
MinimumVisualStudioVersion = 10.0.40219.1
Project("{2150E333-8FDC-42A3-9474-1A3956D46DE8}") = "Services", "Services", "{520481C0-DCB7-4FD3-9263-07689C2C46FC}"
EndProject
Project("{2150E333-8FDC-42A3-9474-1A3956D46DE8}") = "Catalog", "Catalog", "{AC9FDC3C-0BB3-4930-8E90-EAFCC88A6048}"
EndProject
Project("{9A19103F-16F7-4668-BE54-9A1E7A4F7556}") = "FreeCourse.Services.Catalog", "Services\Catalog\FreeCourse.Services.Catalog\FreeCourse.Services.Catalog.csproj", "{DD4D2A28-EB6C-40ED-8134-0B9D6F7C104D}"
EndProject
Project("{2150E333-8FDC-42A3-9474-1A3956D46DE8}") = "Solution Items", "Solution Items", "{AC17A4CD-538B-46CA-9FE2-1223DBA982A9}"
	ProjectSection(SolutionItems) = preProject
		Ports.txt = Ports.txt
	EndProjectSection
EndProject
Project("{2150E333-8FDC-42A3-9474-1A3956D46DE8}") = "Shared", "Shared", "{D83F6143-1B93-4D0B-A201-2A655C4893A8}"
EndProject
Project("{9A19103F-16F7-4668-BE54-9A1E7A4F7556}") = "FreeCourse.Shared", "Shared\FreeCourse.Shared\FreeCourse.Shared.csproj", "{E9053A9D-1EE6-4FF7-8DD6-E2F9FC54A2B8}"
EndProject
Project("{2150E333-8FDC-42A3-9474-1A3956D46DE8}") = "IdentityServer", "IdentityServer", "{D8066F64-BDFC-4255-A245-E68BA7EC71E2}"
EndProject
Project("{9A19103F-16F7-4668-BE54-9A1E7A4F7556}") = "FreeCourse.IdentityServer", "IdentityServer\FreeCourse.IdentityServer\FreeCourse.IdentityServer.csproj", "{6A6CF905-8A10-4D71-901F-F9E2F759BD16}"
EndProject
Project("{2150E333-8FDC-42A3-9474-1A3956D46DE8}") = "PhotoStock", "PhotoStock", "{4840A5E0-F625-45CC-ABBD-A9715DC11C0C}"
EndProject
Project("{9A19103F-16F7-4668-BE54-9A1E7A4F7556}") = "FreeCourse.Services.PhotoStock", "Services\PhotoStock\FreeCourse.Services.PhotoStock\FreeCourse.Services.PhotoStock.csproj", "{37C098C1-BC8D-45D2-87BB-F98DF1FE055F}"
EndProject
Project("{2150E333-8FDC-42A3-9474-1A3956D46DE8}") = "Basket", "Basket", "{12D83074-AAD8-47CF-B1E3-CEBCAA2A5244}"
EndProject
Project("{9A19103F-16F7-4668-BE54-9A1E7A4F7556}") = "FreeCourse.Services.Basket", "Services\Basket\FreeCourse.Services.Basket\FreeCourse.Services.Basket.csproj", "{44655964-4609-4E14-9D47-6AD7606BD28B}"
EndProject
Project("{2150E333-8FDC-42A3-9474-1A3956D46DE8}") = "Discount", "Discount", "{1E2A7157-F9D4-4232-92F8-5EC09387DEE7}"
EndProject
Project("{9A19103F-16F7-4668-BE54-9A1E7A4F7556}") = "FreeCourse.Services.Discount", "Services\Discount\FreeCourse.Services.Discount\FreeCourse.Services.Discount.csproj", "{2A87B2A5-9091-4848-B4E7-167A04ABC384}"
EndProject
Project("{2150E333-8FDC-42A3-9474-1A3956D46DE8}") = "Order", "Order", "{5967F4E3-6CB8-4C50-AB3F-915D39F06396}"
EndProject
Project("{9A19103F-16F7-4668-BE54-9A1E7A4F7556}") = "FreeCourse.Services.Order.API", "Services\Order\FreeCourse.Services.Order.API\FreeCourse.Services.Order.API.csproj", "{A3AF9E72-26FC-47A1-B2BD-27C972373C82}"
EndProject
Project("{9A19103F-16F7-4668-BE54-9A1E7A4F7556}") = "FreeCourse.Services.Order.Application", "Services\Order\FreeCourse.Services.Order.Application\FreeCourse.Services.Order.Application.csproj", "{A42F1949-25AF-42A2-8E39-CEAD82A894E9}"
EndProject
Project("{9A19103F-16F7-4668-BE54-9A1E7A4F7556}") = "FreeCourse.Services.Order.Domain", "Services\Order\FreeCourse.Services.Order.Domain\FreeCourse.Services.Order.Domain.csproj", "{684D25C5-D8AD-49C2-AAC3-D0D1CC983C93}"
EndProject
Project("{9A19103F-16F7-4668-BE54-9A1E7A4F7556}") = "FreeCourse.Services.Order.Domain.Core", "Services\Order\FreeCourse.Services.Order.Domain.Core\FreeCourse.Services.Order.Domain.Core.csproj", "{F20FC916-8605-4A5C-A370-5E0859197C8C}"
EndProject
Project("{9A19103F-16F7-4668-BE54-9A1E7A4F7556}") = "FreeCourse.Services.Order.Infastructure", "Services\Order\FreeCourse.Services.Order.Infastructure\FreeCourse.Services.Order.Infastructure.csproj", "{6D06DADD-AAB8-4A04-B3D4-9A12E8B2E6E9}"
EndProject
Project("{2150E333-8FDC-42A3-9474-1A3956D46DE8}") = "FakePayment", "FakePayment", "{B77FD04E-493F-4EC5-A1B3-36807AC99128}"
EndProject
Project("{9A19103F-16F7-4668-BE54-9A1E7A4F7556}") = "FreeCourse.Services.FakePayment", "Services\FakePayment\FreeCourse.Services.FakePayment\FreeCourse.Services.FakePayment.csproj", "{4B7EB941-980A-4BF7-9B79-D7A2BC269DDC}"
EndProject
Project("{2150E333-8FDC-42A3-9474-1A3956D46DE8}") = "Gateways", "Gateways", "{87D59C7A-1B71-4E71-9D58-DF613D3EAB94}"
EndProject
Project("{9A19103F-16F7-4668-BE54-9A1E7A4F7556}") = "FreeCourse.Gateway", "Gateways\FreeCourse.Gateway\FreeCourse.Gateway.csproj", "{590238D0-23DA-4F5A-804B-48ABAD428A8C}"
EndProject
Project("{2150E333-8FDC-42A3-9474-1A3956D46DE8}") = "Frontends", "Frontends", "{F9CC5D41-6A2A-4AF1-A76B-7E3798848AC2}"
EndProject
Project("{9A19103F-16F7-4668-BE54-9A1E7A4F7556}") = "FreeCourse.Web", "Frontends\FreeCourse.Web\FreeCourse.Web.csproj", "{30C600AF-0FBB-4C39-A98F-CDE1FCF7DA0D}"
EndProject
Global
	GlobalSection(SolutionConfigurationPlatforms) = preSolution
		Debug|Any CPU = Debug|Any CPU
		Release|Any CPU = Release|Any CPU
	EndGlobalSection
	GlobalSection(ProjectConfigurationPlatforms) = postSolution
		{DD4D2A28-EB6C-40ED-8134-0B9D6F7C104D}.Debug|Any CPU.ActiveCfg = Debug|Any CPU
		{DD4D2A28-EB6C-40ED-8134-0B9D6F7C104D}.Debug|Any CPU.Build.0 = Debug|Any CPU
		{DD4D2A28-EB6C-40ED-8134-0B9D6F7C104D}.Release|Any CPU.ActiveCfg = Release|Any CPU
		{DD4D2A28-EB6C-40ED-8134-0B9D6F7C104D}.Release|Any CPU.Build.0 = Release|Any CPU
		{E9053A9D-1EE6-4FF7-8DD6-E2F9FC54A2B8}.Debug|Any CPU.ActiveCfg = Debug|Any CPU
		{E9053A9D-1EE6-4FF7-8DD6-E2F9FC54A2B8}.Debug|Any CPU.Build.0 = Debug|Any CPU
		{E9053A9D-1EE6-4FF7-8DD6-E2F9FC54A2B8}.Release|Any CPU.ActiveCfg = Release|Any CPU
		{E9053A9D-1EE6-4FF7-8DD6-E2F9FC54A2B8}.Release|Any CPU.Build.0 = Release|Any CPU
		{6A6CF905-8A10-4D71-901F-F9E2F759BD16}.Debug|Any CPU.ActiveCfg = Debug|Any CPU
		{6A6CF905-8A10-4D71-901F-F9E2F759BD16}.Debug|Any CPU.Build.0 = Debug|Any CPU
		{6A6CF905-8A10-4D71-901F-F9E2F759BD16}.Release|Any CPU.ActiveCfg = Release|Any CPU
		{6A6CF905-8A10-4D71-901F-F9E2F759BD16}.Release|Any CPU.Build.0 = Release|Any CPU
		{37C098C1-BC8D-45D2-87BB-F98DF1FE055F}.Debug|Any CPU.ActiveCfg = Debug|Any CPU
		{37C098C1-BC8D-45D2-87BB-F98DF1FE055F}.Debug|Any CPU.Build.0 = Debug|Any CPU
		{37C098C1-BC8D-45D2-87BB-F98DF1FE055F}.Release|Any CPU.ActiveCfg = Release|Any CPU
		{37C098C1-BC8D-45D2-87BB-F98DF1FE055F}.Release|Any CPU.Build.0 = Release|Any CPU
		{44655964-4609-4E14-9D47-6AD7606BD28B}.Debug|Any CPU.ActiveCfg = Debug|Any CPU
		{44655964-4609-4E14-9D47-6AD7606BD28B}.Debug|Any CPU.Build.0 = Debug|Any CPU
		{44655964-4609-4E14-9D47-6AD7606BD28B}.Release|Any CPU.ActiveCfg = Release|Any CPU
		{44655964-4609-4E14-9D47-6AD7606BD28B}.Release|Any CPU.Build.0 = Release|Any CPU
		{2A87B2A5-9091-4848-B4E7-167A04ABC384}.Debug|Any CPU.ActiveCfg = Debug|Any CPU
		{2A87B2A5-9091-4848-B4E7-167A04ABC384}.Debug|Any CPU.Build.0 = Debug|Any CPU
		{2A87B2A5-9091-4848-B4E7-167A04ABC384}.Release|Any CPU.ActiveCfg = Release|Any CPU
		{2A87B2A5-9091-4848-B4E7-167A04ABC384}.Release|Any CPU.Build.0 = Release|Any CPU
		{A3AF9E72-26FC-47A1-B2BD-27C972373C82}.Debug|Any CPU.ActiveCfg = Debug|Any CPU
		{A3AF9E72-26FC-47A1-B2BD-27C972373C82}.Debug|Any CPU.Build.0 = Debug|Any CPU
		{A3AF9E72-26FC-47A1-B2BD-27C972373C82}.Release|Any CPU.ActiveCfg = Release|Any CPU
		{A3AF9E72-26FC-47A1-B2BD-27C972373C82}.Release|Any CPU.Build.0 = Release|Any CPU
		{A42F1949-25AF-42A2-8E39-CEAD82A894E9}.Debug|Any CPU.ActiveCfg = Debug|Any CPU
		{A42F1949-25AF-42A2-8E39-CEAD82A894E9}.Debug|Any CPU.Build.0 = Debug|Any CPU
		{A42F1949-25AF-42A2-8E39-CEAD82A894E9}.Release|Any CPU.ActiveCfg = Release|Any CPU
		{A42F1949-25AF-42A2-8E39-CEAD82A894E9}.Release|Any CPU.Build.0 = Release|Any CPU
		{684D25C5-D8AD-49C2-AAC3-D0D1CC983C93}.Debug|Any CPU.ActiveCfg = Debug|Any CPU
		{684D25C5-D8AD-49C2-AAC3-D0D1CC983C93}.Debug|Any CPU.Build.0 = Debug|Any CPU
		{684D25C5-D8AD-49C2-AAC3-D0D1CC983C93}.Release|Any CPU.ActiveCfg = Release|Any CPU
		{684D25C5-D8AD-49C2-AAC3-D0D1CC983C93}.Release|Any CPU.Build.0 = Release|Any CPU
		{F20FC916-8605-4A5C-A370-5E0859197C8C}.Debug|Any CPU.ActiveCfg = Debug|Any CPU
		{F20FC916-8605-4A5C-A370-5E0859197C8C}.Debug|Any CPU.Build.0 = Debug|Any CPU
		{F20FC916-8605-4A5C-A370-5E0859197C8C}.Release|Any CPU.ActiveCfg = Release|Any CPU
		{F20FC916-8605-4A5C-A370-5E0859197C8C}.Release|Any CPU.Build.0 = Release|Any CPU
		{6D06DADD-AAB8-4A04-B3D4-9A12E8B2E6E9}.Debug|Any CPU.ActiveCfg = Debug|Any CPU
		{6D06DADD-AAB8-4A04-B3D4-9A12E8B2E6E9}.Debug|Any CPU.Build.0 = Debug|Any CPU
		{6D06DADD-AAB8-4A04-B3D4-9A12E8B2E6E9}.Release|Any CPU.ActiveCfg = Release|Any CPU
		{6D06DADD-AAB8-4A04-B3D4-9A12E8B2E6E9}.Release|Any CPU.Build.0 = Release|Any CPU
		{4B7EB941-980A-4BF7-9B79-D7A2BC269DDC}.Debug|Any CPU.ActiveCfg = Debug|Any CPU
		{4B7EB941-980A-4BF7-9B79-D7A2BC269DDC}.Debug|Any CPU.Build.0 = Debug|Any CPU
		{4B7EB941-980A-4BF7-9B79-D7A2BC269DDC}.Release|Any CPU.ActiveCfg = Release|Any CPU
		{4B7EB941-980A-4BF7-9B79-D7A2BC269DDC}.Release|Any CPU.Build.0 = Release|Any CPU
		{590238D0-23DA-4F5A-804B-48ABAD428A8C}.Debug|Any CPU.ActiveCfg = Debug|Any CPU
		{590238D0-23DA-4F5A-804B-48ABAD428A8C}.Debug|Any CPU.Build.0 = Debug|Any CPU
		{590238D0-23DA-4F5A-804B-48ABAD428A8C}.Release|Any CPU.ActiveCfg = Release|Any CPU
		{590238D0-23DA-4F5A-804B-48ABAD428A8C}.Release|Any CPU.Build.0 = Release|Any CPU
		{30C600AF-0FBB-4C39-A98F-CDE1FCF7DA0D}.Debug|Any CPU.ActiveCfg = Debug|Any CPU
		{30C600AF-0FBB-4C39-A98F-CDE1FCF7DA0D}.Debug|Any CPU.Build.0 = Debug|Any CPU
		{30C600AF-0FBB-4C39-A98F-CDE1FCF7DA0D}.Release|Any CPU.ActiveCfg = Release|Any CPU
		{30C600AF-0FBB-4C39-A98F-CDE1FCF7DA0D}.Release|Any CPU.Build.0 = Release|Any CPU
	EndGlobalSection
	GlobalSection(SolutionProperties) = preSolution
		HideSolutionNode = FALSE
	EndGlobalSection
	GlobalSection(NestedProjects) = preSolution
		{AC9FDC3C-0BB3-4930-8E90-EAFCC88A6048} = {520481C0-DCB7-4FD3-9263-07689C2C46FC}
		{DD4D2A28-EB6C-40ED-8134-0B9D6F7C104D} = {AC9FDC3C-0BB3-4930-8E90-EAFCC88A6048}
		{E9053A9D-1EE6-4FF7-8DD6-E2F9FC54A2B8} = {D83F6143-1B93-4D0B-A201-2A655C4893A8}
		{6A6CF905-8A10-4D71-901F-F9E2F759BD16} = {D8066F64-BDFC-4255-A245-E68BA7EC71E2}
		{4840A5E0-F625-45CC-ABBD-A9715DC11C0C} = {520481C0-DCB7-4FD3-9263-07689C2C46FC}
		{37C098C1-BC8D-45D2-87BB-F98DF1FE055F} = {4840A5E0-F625-45CC-ABBD-A9715DC11C0C}
		{12D83074-AAD8-47CF-B1E3-CEBCAA2A5244} = {520481C0-DCB7-4FD3-9263-07689C2C46FC}
		{44655964-4609-4E14-9D47-6AD7606BD28B} = {12D83074-AAD8-47CF-B1E3-CEBCAA2A5244}
		{1E2A7157-F9D4-4232-92F8-5EC09387DEE7} = {520481C0-DCB7-4FD3-9263-07689C2C46FC}
		{2A87B2A5-9091-4848-B4E7-167A04ABC384} = {1E2A7157-F9D4-4232-92F8-5EC09387DEE7}
		{5967F4E3-6CB8-4C50-AB3F-915D39F06396} = {520481C0-DCB7-4FD3-9263-07689C2C46FC}
		{A3AF9E72-26FC-47A1-B2BD-27C972373C82} = {5967F4E3-6CB8-4C50-AB3F-915D39F06396}
		{A42F1949-25AF-42A2-8E39-CEAD82A894E9} = {5967F4E3-6CB8-4C50-AB3F-915D39F06396}
		{684D25C5-D8AD-49C2-AAC3-D0D1CC983C93} = {5967F4E3-6CB8-4C50-AB3F-915D39F06396}
		{F20FC916-8605-4A5C-A370-5E0859197C8C} = {5967F4E3-6CB8-4C50-AB3F-915D39F06396}
		{6D06DADD-AAB8-4A04-B3D4-9A12E8B2E6E9} = {5967F4E3-6CB8-4C50-AB3F-915D39F06396}
		{B77FD04E-493F-4EC5-A1B3-36807AC99128} = {520481C0-DCB7-4FD3-9263-07689C2C46FC}
		{4B7EB941-980A-4BF7-9B79-D7A2BC269DDC} = {B77FD04E-493F-4EC5-A1B3-36807AC99128}
		{590238D0-23DA-4F5A-804B-48ABAD428A8C} = {87D59C7A-1B71-4E71-9D58-DF613D3EAB94}
		{30C600AF-0FBB-4C39-A98F-CDE1FCF7DA0D} = {F9CC5D41-6A2A-4AF1-A76B-7E3798848AC2}
	EndGlobalSection
	GlobalSection(ExtensibilityGlobals) = postSolution
		SolutionGuid = {37C83818-3394-4E09-B737-CD056DAC7443}
	EndGlobalSection
EndGlobal
